
Microsoft Visual Studio Solution File, Format Version 12.00
# Visual Studio Version 17
VisualStudioVersion = 17.1.32328.378
MinimumVisualStudioVersion = 10.0.40219.1
Project("{9A19103F-16F7-4668-BE54-9A1E7A4F7556}") = "TM.Web", "TM.Web\TM.Web.csproj", "{B90BE26B-828E-41C8-8EB4-2C1EE12E80EF}"
EndProject
Project("{9A19103F-16F7-4668-BE54-9A1E7A4F7556}") = "TM.TwitterClients", "TM.TwitterClients\TM.TwitterClients.csproj", "{D1DE365A-FBAB-4E54-86B6-4D0CC2FF9F37}"
EndProject
Project("{9A19103F-16F7-4668-BE54-9A1E7A4F7556}") = "TM.TwitterTypes", "TM.TwitterTypes\TM.TwitterTypes.csproj", "{0AC93A65-62A1-402D-95CB-D7800A6E9DDC}"
EndProject
Project("{9A19103F-16F7-4668-BE54-9A1E7A4F7556}") = "TM.TwitterMonitoring", "TM.TwitterMonitoring\TM.TwitterMonitoring.csproj", "{0FF606A8-807B-4CC2-A9B6-8E063540A306}"
EndProject
Project("{9A19103F-16F7-4668-BE54-9A1E7A4F7556}") = "TM.TwitterMonitoring.Tests", "TM.TwitterMonitoring.Tests\TM.TwitterMonitoring.Tests.csproj", "{AE919564-62A3-4100-8084-952D5F0CE241}"
EndProject
Global
	GlobalSection(SolutionConfigurationPlatforms) = preSolution
		Debug|Any CPU = Debug|Any CPU
		Release|Any CPU = Release|Any CPU
	EndGlobalSection
	GlobalSection(ProjectConfigurationPlatforms) = postSolution
		{B90BE26B-828E-41C8-8EB4-2C1EE12E80EF}.Debug|Any CPU.ActiveCfg = Debug|Any CPU
		{B90BE26B-828E-41C8-8EB4-2C1EE12E80EF}.Debug|Any CPU.Build.0 = Debug|Any CPU
		{B90BE26B-828E-41C8-8EB4-2C1EE12E80EF}.Release|Any CPU.ActiveCfg = Release|Any CPU
		{B90BE26B-828E-41C8-8EB4-2C1EE12E80EF}.Release|Any CPU.Build.0 = Release|Any CPU
		{D1DE365A-FBAB-4E54-86B6-4D0CC2FF9F37}.Debug|Any CPU.ActiveCfg = Debug|Any CPU
		{D1DE365A-FBAB-4E54-86B6-4D0CC2FF9F37}.Debug|Any CPU.Build.0 = Debug|Any CPU
		{D1DE365A-FBAB-4E54-86B6-4D0CC2FF9F37}.Release|Any CPU.ActiveCfg = Release|Any CPU
		{D1DE365A-FBAB-4E54-86B6-4D0CC2FF9F37}.Release|Any CPU.Build.0 = Release|Any CPU
		{0AC93A65-62A1-402D-95CB-D7800A6E9DDC}.Debug|Any CPU.ActiveCfg = Debug|Any CPU
		{0AC93A65-62A1-402D-95CB-D7800A6E9DDC}.Debug|Any CPU.Build.0 = Debug|Any CPU
		{0AC93A65-62A1-402D-95CB-D7800A6E9DDC}.Release|Any CPU.ActiveCfg = Release|Any CPU
		{0AC93A65-62A1-402D-95CB-D7800A6E9DDC}.Release|Any CPU.Build.0 = Release|Any CPU
		{0FF606A8-807B-4CC2-A9B6-8E063540A306}.Debug|Any CPU.ActiveCfg = Debug|Any CPU
		{0FF606A8-807B-4CC2-A9B6-8E063540A306}.Debug|Any CPU.Build.0 = Debug|Any CPU
		{0FF606A8-807B-4CC2-A9B6-8E063540A306}.Release|Any CPU.ActiveCfg = Release|Any CPU
		{0FF606A8-807B-4CC2-A9B6-8E063540A306}.Release|Any CPU.Build.0 = Release|Any CPU
		{AE919564-62A3-4100-8084-952D5F0CE241}.Debug|Any CPU.ActiveCfg = Debug|Any CPU
		{AE919564-62A3-4100-8084-952D5F0CE241}.Debug|Any CPU.Build.0 = Debug|Any CPU
		{AE919564-62A3-4100-8084-952D5F0CE241}.Release|Any CPU.ActiveCfg = Release|Any CPU
		{AE919564-62A3-4100-8084-952D5F0CE241}.Release|Any CPU.Build.0 = Release|Any CPU
	EndGlobalSection
	GlobalSection(SolutionProperties) = preSolution
		HideSolutionNode = FALSE
	EndGlobalSection
	GlobalSection(ExtensibilityGlobals) = postSolution
		SolutionGuid = {5C39524F-C6D7-434C-A923-4096C4599886}
	EndGlobalSection
EndGlobal
